
Microsoft Visual Studio Solution File, Format Version 12.00
# Visual Studio 14
VisualStudioVersion = 14.0.25420.1
MinimumVisualStudioVersion = 10.0.40219.1
Project("{FAE04EC0-301F-11D3-BF4B-00C04F79EFBC}") = "FirarperestX.Droid", "FirarperestX\FirarperestX.Droid\FirarperestX.Droid.csproj", "{2B0C4A02-FE31-4C47-A9CB-B2F0E20CE874}"
EndProject
Project("{FAE04EC0-301F-11D3-BF4B-00C04F79EFBC}") = "FirarperestX.iOS", "FirarperestX\FirarperestX.iOS\FirarperestX.iOS.csproj", "{AF89B0A2-FBC1-402D-B5F4-27501C9C8A76}"
EndProject
Project("{FAE04EC0-301F-11D3-BF4B-00C04F79EFBC}") = "FirarperestX.WinPhone", "FirarperestX\FirarperestX.WinPhone\FirarperestX.WinPhone.csproj", "{D11D2CAB-3001-41DB-BD41-CDA9E65F8AA8}"
EndProject
Project("{FAE04EC0-301F-11D3-BF4B-00C04F79EFBC}") = "FirarperestX.UWP", "FirarperestX\FirarperestX.UWP\FirarperestX.UWP.csproj", "{6AEF6E40-A541-41C0-9B57-0606AD13D8EA}"
EndProject
Project("{FAE04EC0-301F-11D3-BF4B-00C04F79EFBC}") = "FirarperestX.Windows", "FirarperestX\FirarperestX.Windows\FirarperestX.Windows.csproj", "{21B8EC0F-52C2-46F2-A5FF-489991EDA720}"
EndProject
Project("{FAE04EC0-301F-11D3-BF4B-00C04F79EFBC}") = "FirarperestX", "FirarperestX\FirarperestX\FirarperestX.csproj", "{908A85AB-5DF6-4668-95AD-5C378164EC97}"
EndProject
Global
	GlobalSection(SolutionConfigurationPlatforms) = preSolution
		Ad-Hoc|Any CPU = Ad-Hoc|Any CPU
		Ad-Hoc|ARM = Ad-Hoc|ARM
		Ad-Hoc|iPhone = Ad-Hoc|iPhone
		Ad-Hoc|iPhoneSimulator = Ad-Hoc|iPhoneSimulator
		Ad-Hoc|x64 = Ad-Hoc|x64
		Ad-Hoc|x86 = Ad-Hoc|x86
		AppStore|Any CPU = AppStore|Any CPU
		AppStore|ARM = AppStore|ARM
		AppStore|iPhone = AppStore|iPhone
		AppStore|iPhoneSimulator = AppStore|iPhoneSimulator
		AppStore|x64 = AppStore|x64
		AppStore|x86 = AppStore|x86
		Debug|Any CPU = Debug|Any CPU
		Debug|ARM = Debug|ARM
		Debug|iPhone = Debug|iPhone
		Debug|iPhoneSimulator = Debug|iPhoneSimulator
		Debug|x64 = Debug|x64
		Debug|x86 = Debug|x86
		Release|Any CPU = Release|Any CPU
		Release|ARM = Release|ARM
		Release|iPhone = Release|iPhone
		Release|iPhoneSimulator = Release|iPhoneSimulator
		Release|x64 = Release|x64
		Release|x86 = Release|x86
	EndGlobalSection
	GlobalSection(ProjectConfigurationPlatforms) = postSolution
		{2B0C4A02-FE31-4C47-A9CB-B2F0E20CE874}.Ad-Hoc|Any CPU.ActiveCfg = Release|Any CPU
		{2B0C4A02-FE31-4C47-A9CB-B2F0E20CE874}.Ad-Hoc|Any CPU.Build.0 = Release|Any CPU
		{2B0C4A02-FE31-4C47-A9CB-B2F0E20CE874}.Ad-Hoc|Any CPU.Deploy.0 = Release|Any CPU
		{2B0C4A02-FE31-4C47-A9CB-B2F0E20CE874}.Ad-Hoc|ARM.ActiveCfg = Release|Any CPU
		{2B0C4A02-FE31-4C47-A9CB-B2F0E20CE874}.Ad-Hoc|ARM.Build.0 = Release|Any CPU
		{2B0C4A02-FE31-4C47-A9CB-B2F0E20CE874}.Ad-Hoc|ARM.Deploy.0 = Release|Any CPU
		{2B0C4A02-FE31-4C47-A9CB-B2F0E20CE874}.Ad-Hoc|iPhone.ActiveCfg = Release|Any CPU
		{2B0C4A02-FE31-4C47-A9CB-B2F0E20CE874}.Ad-Hoc|iPhone.Build.0 = Release|Any CPU
		{2B0C4A02-FE31-4C47-A9CB-B2F0E20CE874}.Ad-Hoc|iPhone.Deploy.0 = Release|Any CPU
		{2B0C4A02-FE31-4C47-A9CB-B2F0E20CE874}.Ad-Hoc|iPhoneSimulator.ActiveCfg = Release|Any CPU
		{2B0C4A02-FE31-4C47-A9CB-B2F0E20CE874}.Ad-Hoc|iPhoneSimulator.Build.0 = Release|Any CPU
		{2B0C4A02-FE31-4C47-A9CB-B2F0E20CE874}.Ad-Hoc|iPhoneSimulator.Deploy.0 = Release|Any CPU
		{2B0C4A02-FE31-4C47-A9CB-B2F0E20CE874}.Ad-Hoc|x64.ActiveCfg = Release|Any CPU
		{2B0C4A02-FE31-4C47-A9CB-B2F0E20CE874}.Ad-Hoc|x64.Build.0 = Release|Any CPU
		{2B0C4A02-FE31-4C47-A9CB-B2F0E20CE874}.Ad-Hoc|x64.Deploy.0 = Release|Any CPU
		{2B0C4A02-FE31-4C47-A9CB-B2F0E20CE874}.Ad-Hoc|x86.ActiveCfg = Release|Any CPU
		{2B0C4A02-FE31-4C47-A9CB-B2F0E20CE874}.Ad-Hoc|x86.Build.0 = Release|Any CPU
		{2B0C4A02-FE31-4C47-A9CB-B2F0E20CE874}.Ad-Hoc|x86.Deploy.0 = Release|Any CPU
		{2B0C4A02-FE31-4C47-A9CB-B2F0E20CE874}.AppStore|Any CPU.ActiveCfg = Release|Any CPU
		{2B0C4A02-FE31-4C47-A9CB-B2F0E20CE874}.AppStore|Any CPU.Build.0 = Release|Any CPU
		{2B0C4A02-FE31-4C47-A9CB-B2F0E20CE874}.AppStore|Any CPU.Deploy.0 = Release|Any CPU
		{2B0C4A02-FE31-4C47-A9CB-B2F0E20CE874}.AppStore|ARM.ActiveCfg = Release|Any CPU
		{2B0C4A02-FE31-4C47-A9CB-B2F0E20CE874}.AppStore|ARM.Build.0 = Release|Any CPU
		{2B0C4A02-FE31-4C47-A9CB-B2F0E20CE874}.AppStore|ARM.Deploy.0 = Release|Any CPU
		{2B0C4A02-FE31-4C47-A9CB-B2F0E20CE874}.AppStore|iPhone.ActiveCfg = Release|Any CPU
		{2B0C4A02-FE31-4C47-A9CB-B2F0E20CE874}.AppStore|iPhone.Build.0 = Release|Any CPU
		{2B0C4A02-FE31-4C47-A9CB-B2F0E20CE874}.AppStore|iPhone.Deploy.0 = Release|Any CPU
		{2B0C4A02-FE31-4C47-A9CB-B2F0E20CE874}.AppStore|iPhoneSimulator.ActiveCfg = Release|Any CPU
		{2B0C4A02-FE31-4C47-A9CB-B2F0E20CE874}.AppStore|iPhoneSimulator.Build.0 = Release|Any CPU
		{2B0C4A02-FE31-4C47-A9CB-B2F0E20CE874}.AppStore|iPhoneSimulator.Deploy.0 = Release|Any CPU
		{2B0C4A02-FE31-4C47-A9CB-B2F0E20CE874}.AppStore|x64.ActiveCfg = Release|Any CPU
		{2B0C4A02-FE31-4C47-A9CB-B2F0E20CE874}.AppStore|x64.Build.0 = Release|Any CPU
		{2B0C4A02-FE31-4C47-A9CB-B2F0E20CE874}.AppStore|x64.Deploy.0 = Release|Any CPU
		{2B0C4A02-FE31-4C47-A9CB-B2F0E20CE874}.AppStore|x86.ActiveCfg = Release|Any CPU
		{2B0C4A02-FE31-4C47-A9CB-B2F0E20CE874}.AppStore|x86.Build.0 = Release|Any CPU
		{2B0C4A02-FE31-4C47-A9CB-B2F0E20CE874}.AppStore|x86.Deploy.0 = Release|Any CPU
		{2B0C4A02-FE31-4C47-A9CB-B2F0E20CE874}.Debug|Any CPU.ActiveCfg = Debug|Any CPU
		{2B0C4A02-FE31-4C47-A9CB-B2F0E20CE874}.Debug|Any CPU.Build.0 = Debug|Any CPU
		{2B0C4A02-FE31-4C47-A9CB-B2F0E20CE874}.Debug|Any CPU.Deploy.0 = Debug|Any CPU
		{2B0C4A02-FE31-4C47-A9CB-B2F0E20CE874}.Debug|ARM.ActiveCfg = Debug|Any CPU
		{2B0C4A02-FE31-4C47-A9CB-B2F0E20CE874}.Debug|ARM.Build.0 = Debug|Any CPU
		{2B0C4A02-FE31-4C47-A9CB-B2F0E20CE874}.Debug|ARM.Deploy.0 = Debug|Any CPU
		{2B0C4A02-FE31-4C47-A9CB-B2F0E20CE874}.Debug|iPhone.ActiveCfg = Debug|Any CPU
		{2B0C4A02-FE31-4C47-A9CB-B2F0E20CE874}.Debug|iPhone.Build.0 = Debug|Any CPU
		{2B0C4A02-FE31-4C47-A9CB-B2F0E20CE874}.Debug|iPhone.Deploy.0 = Debug|Any CPU
		{2B0C4A02-FE31-4C47-A9CB-B2F0E20CE874}.Debug|iPhoneSimulator.ActiveCfg = Debug|Any CPU
		{2B0C4A02-FE31-4C47-A9CB-B2F0E20CE874}.Debug|iPhoneSimulator.Build.0 = Debug|Any CPU
		{2B0C4A02-FE31-4C47-A9CB-B2F0E20CE874}.Debug|iPhoneSimulator.Deploy.0 = Debug|Any CPU
		{2B0C4A02-FE31-4C47-A9CB-B2F0E20CE874}.Debug|x64.ActiveCfg = Debug|Any CPU
		{2B0C4A02-FE31-4C47-A9CB-B2F0E20CE874}.Debug|x64.Build.0 = Debug|Any CPU
		{2B0C4A02-FE31-4C47-A9CB-B2F0E20CE874}.Debug|x64.Deploy.0 = Debug|Any CPU
		{2B0C4A02-FE31-4C47-A9CB-B2F0E20CE874}.Debug|x86.ActiveCfg = Debug|Any CPU
		{2B0C4A02-FE31-4C47-A9CB-B2F0E20CE874}.Debug|x86.Build.0 = Debug|Any CPU
		{2B0C4A02-FE31-4C47-A9CB-B2F0E20CE874}.Debug|x86.Deploy.0 = Debug|Any CPU
		{2B0C4A02-FE31-4C47-A9CB-B2F0E20CE874}.Release|Any CPU.ActiveCfg = Release|Any CPU
		{2B0C4A02-FE31-4C47-A9CB-B2F0E20CE874}.Release|Any CPU.Build.0 = Release|Any CPU
		{2B0C4A02-FE31-4C47-A9CB-B2F0E20CE874}.Release|Any CPU.Deploy.0 = Release|Any CPU
		{2B0C4A02-FE31-4C47-A9CB-B2F0E20CE874}.Release|ARM.ActiveCfg = Release|Any CPU
		{2B0C4A02-FE31-4C47-A9CB-B2F0E20CE874}.Release|ARM.Build.0 = Release|Any CPU
		{2B0C4A02-FE31-4C47-A9CB-B2F0E20CE874}.Release|ARM.Deploy.0 = Release|Any CPU
		{2B0C4A02-FE31-4C47-A9CB-B2F0E20CE874}.Release|iPhone.ActiveCfg = Release|Any CPU
		{2B0C4A02-FE31-4C47-A9CB-B2F0E20CE874}.Release|iPhone.Build.0 = Release|Any CPU
		{2B0C4A02-FE31-4C47-A9CB-B2F0E20CE874}.Release|iPhone.Deploy.0 = Release|Any CPU
		{2B0C4A02-FE31-4C47-A9CB-B2F0E20CE874}.Release|iPhoneSimulator.ActiveCfg = Release|Any CPU
		{2B0C4A02-FE31-4C47-A9CB-B2F0E20CE874}.Release|iPhoneSimulator.Build.0 = Release|Any CPU
		{2B0C4A02-FE31-4C47-A9CB-B2F0E20CE874}.Release|iPhoneSimulator.Deploy.0 = Release|Any CPU
		{2B0C4A02-FE31-4C47-A9CB-B2F0E20CE874}.Release|x64.ActiveCfg = Release|Any CPU
		{2B0C4A02-FE31-4C47-A9CB-B2F0E20CE874}.Release|x64.Build.0 = Release|Any CPU
		{2B0C4A02-FE31-4C47-A9CB-B2F0E20CE874}.Release|x64.Deploy.0 = Release|Any CPU
		{2B0C4A02-FE31-4C47-A9CB-B2F0E20CE874}.Release|x86.ActiveCfg = Release|Any CPU
		{2B0C4A02-FE31-4C47-A9CB-B2F0E20CE874}.Release|x86.Build.0 = Release|Any CPU
		{2B0C4A02-FE31-4C47-A9CB-B2F0E20CE874}.Release|x86.Deploy.0 = Release|Any CPU
		{AF89B0A2-FBC1-402D-B5F4-27501C9C8A76}.Ad-Hoc|Any CPU.ActiveCfg = Ad-Hoc|iPhone
		{AF89B0A2-FBC1-402D-B5F4-27501C9C8A76}.Ad-Hoc|ARM.ActiveCfg = Ad-Hoc|iPhone
		{AF89B0A2-FBC1-402D-B5F4-27501C9C8A76}.Ad-Hoc|iPhone.ActiveCfg = Ad-Hoc|iPhone
		{AF89B0A2-FBC1-402D-B5F4-27501C9C8A76}.Ad-Hoc|iPhone.Build.0 = Ad-Hoc|iPhone
		{AF89B0A2-FBC1-402D-B5F4-27501C9C8A76}.Ad-Hoc|iPhoneSimulator.ActiveCfg = Ad-Hoc|iPhoneSimulator
		{AF89B0A2-FBC1-402D-B5F4-27501C9C8A76}.Ad-Hoc|iPhoneSimulator.Build.0 = Ad-Hoc|iPhoneSimulator
		{AF89B0A2-FBC1-402D-B5F4-27501C9C8A76}.Ad-Hoc|x64.ActiveCfg = Ad-Hoc|iPhone
		{AF89B0A2-FBC1-402D-B5F4-27501C9C8A76}.Ad-Hoc|x86.ActiveCfg = Ad-Hoc|iPhone
		{AF89B0A2-FBC1-402D-B5F4-27501C9C8A76}.AppStore|Any CPU.ActiveCfg = AppStore|iPhone
		{AF89B0A2-FBC1-402D-B5F4-27501C9C8A76}.AppStore|ARM.ActiveCfg = AppStore|iPhone
		{AF89B0A2-FBC1-402D-B5F4-27501C9C8A76}.AppStore|iPhone.ActiveCfg = AppStore|iPhone
		{AF89B0A2-FBC1-402D-B5F4-27501C9C8A76}.AppStore|iPhone.Build.0 = AppStore|iPhone
		{AF89B0A2-FBC1-402D-B5F4-27501C9C8A76}.AppStore|iPhoneSimulator.ActiveCfg = AppStore|iPhoneSimulator
		{AF89B0A2-FBC1-402D-B5F4-27501C9C8A76}.AppStore|iPhoneSimulator.Build.0 = AppStore|iPhoneSimulator
		{AF89B0A2-FBC1-402D-B5F4-27501C9C8A76}.AppStore|x64.ActiveCfg = AppStore|iPhone
		{AF89B0A2-FBC1-402D-B5F4-27501C9C8A76}.AppStore|x86.ActiveCfg = AppStore|iPhone
		{AF89B0A2-FBC1-402D-B5F4-27501C9C8A76}.Debug|Any CPU.ActiveCfg = Debug|iPhone
		{AF89B0A2-FBC1-402D-B5F4-27501C9C8A76}.Debug|ARM.ActiveCfg = Debug|iPhone
		{AF89B0A2-FBC1-402D-B5F4-27501C9C8A76}.Debug|iPhone.ActiveCfg = Debug|iPhone
		{AF89B0A2-FBC1-402D-B5F4-27501C9C8A76}.Debug|iPhone.Build.0 = Debug|iPhone
		{AF89B0A2-FBC1-402D-B5F4-27501C9C8A76}.Debug|iPhoneSimulator.ActiveCfg = Debug|iPhoneSimulator
		{AF89B0A2-FBC1-402D-B5F4-27501C9C8A76}.Debug|iPhoneSimulator.Build.0 = Debug|iPhoneSimulator
		{AF89B0A2-FBC1-402D-B5F4-27501C9C8A76}.Debug|x64.ActiveCfg = Debug|iPhone
		{AF89B0A2-FBC1-402D-B5F4-27501C9C8A76}.Debug|x86.ActiveCfg = Debug|iPhone
		{AF89B0A2-FBC1-402D-B5F4-27501C9C8A76}.Release|Any CPU.ActiveCfg = Release|iPhone
		{AF89B0A2-FBC1-402D-B5F4-27501C9C8A76}.Release|ARM.ActiveCfg = Release|iPhone
		{AF89B0A2-FBC1-402D-B5F4-27501C9C8A76}.Release|iPhone.ActiveCfg = Release|iPhone
		{AF89B0A2-FBC1-402D-B5F4-27501C9C8A76}.Release|iPhone.Build.0 = Release|iPhone
		{AF89B0A2-FBC1-402D-B5F4-27501C9C8A76}.Release|iPhoneSimulator.ActiveCfg = Release|iPhoneSimulator
		{AF89B0A2-FBC1-402D-B5F4-27501C9C8A76}.Release|iPhoneSimulator.Build.0 = Release|iPhoneSimulator
		{AF89B0A2-FBC1-402D-B5F4-27501C9C8A76}.Release|x64.ActiveCfg = Release|iPhone
		{AF89B0A2-FBC1-402D-B5F4-27501C9C8A76}.Release|x86.ActiveCfg = Release|iPhone
		{D11D2CAB-3001-41DB-BD41-CDA9E65F8AA8}.Ad-Hoc|Any CPU.ActiveCfg = Release|Any CPU
		{D11D2CAB-3001-41DB-BD41-CDA9E65F8AA8}.Ad-Hoc|Any CPU.Build.0 = Release|Any CPU
		{D11D2CAB-3001-41DB-BD41-CDA9E65F8AA8}.Ad-Hoc|Any CPU.Deploy.0 = Release|Any CPU
		{D11D2CAB-3001-41DB-BD41-CDA9E65F8AA8}.Ad-Hoc|ARM.ActiveCfg = Release|ARM
		{D11D2CAB-3001-41DB-BD41-CDA9E65F8AA8}.Ad-Hoc|ARM.Build.0 = Release|ARM
		{D11D2CAB-3001-41DB-BD41-CDA9E65F8AA8}.Ad-Hoc|ARM.Deploy.0 = Release|ARM
		{D11D2CAB-3001-41DB-BD41-CDA9E65F8AA8}.Ad-Hoc|iPhone.ActiveCfg = Release|Any CPU
		{D11D2CAB-3001-41DB-BD41-CDA9E65F8AA8}.Ad-Hoc|iPhone.Build.0 = Release|Any CPU
		{D11D2CAB-3001-41DB-BD41-CDA9E65F8AA8}.Ad-Hoc|iPhone.Deploy.0 = Release|Any CPU
		{D11D2CAB-3001-41DB-BD41-CDA9E65F8AA8}.Ad-Hoc|iPhoneSimulator.ActiveCfg = Release|Any CPU
		{D11D2CAB-3001-41DB-BD41-CDA9E65F8AA8}.Ad-Hoc|iPhoneSimulator.Build.0 = Release|Any CPU
		{D11D2CAB-3001-41DB-BD41-CDA9E65F8AA8}.Ad-Hoc|iPhoneSimulator.Deploy.0 = Release|Any CPU
		{D11D2CAB-3001-41DB-BD41-CDA9E65F8AA8}.Ad-Hoc|x64.ActiveCfg = Release|Any CPU
		{D11D2CAB-3001-41DB-BD41-CDA9E65F8AA8}.Ad-Hoc|x64.Build.0 = Release|Any CPU
		{D11D2CAB-3001-41DB-BD41-CDA9E65F8AA8}.Ad-Hoc|x64.Deploy.0 = Release|Any CPU
		{D11D2CAB-3001-41DB-BD41-CDA9E65F8AA8}.Ad-Hoc|x86.ActiveCfg = Release|x86
		{D11D2CAB-3001-41DB-BD41-CDA9E65F8AA8}.Ad-Hoc|x86.Build.0 = Release|x86
		{D11D2CAB-3001-41DB-BD41-CDA9E65F8AA8}.Ad-Hoc|x86.Deploy.0 = Release|x86
		{D11D2CAB-3001-41DB-BD41-CDA9E65F8AA8}.AppStore|Any CPU.ActiveCfg = Release|Any CPU
		{D11D2CAB-3001-41DB-BD41-CDA9E65F8AA8}.AppStore|Any CPU.Build.0 = Release|Any CPU
		{D11D2CAB-3001-41DB-BD41-CDA9E65F8AA8}.AppStore|Any CPU.Deploy.0 = Release|Any CPU
		{D11D2CAB-3001-41DB-BD41-CDA9E65F8AA8}.AppStore|ARM.ActiveCfg = Release|ARM
		{D11D2CAB-3001-41DB-BD41-CDA9E65F8AA8}.AppStore|ARM.Build.0 = Release|ARM
		{D11D2CAB-3001-41DB-BD41-CDA9E65F8AA8}.AppStore|ARM.Deploy.0 = Release|ARM
		{D11D2CAB-3001-41DB-BD41-CDA9E65F8AA8}.AppStore|iPhone.ActiveCfg = Release|Any CPU
		{D11D2CAB-3001-41DB-BD41-CDA9E65F8AA8}.AppStore|iPhone.Build.0 = Release|Any CPU
		{D11D2CAB-3001-41DB-BD41-CDA9E65F8AA8}.AppStore|iPhone.Deploy.0 = Release|Any CPU
		{D11D2CAB-3001-41DB-BD41-CDA9E65F8AA8}.AppStore|iPhoneSimulator.ActiveCfg = Release|Any CPU
		{D11D2CAB-3001-41DB-BD41-CDA9E65F8AA8}.AppStore|iPhoneSimulator.Build.0 = Release|Any CPU
		{D11D2CAB-3001-41DB-BD41-CDA9E65F8AA8}.AppStore|iPhoneSimulator.Deploy.0 = Release|Any CPU
		{D11D2CAB-3001-41DB-BD41-CDA9E65F8AA8}.AppStore|x64.ActiveCfg = Release|Any CPU
		{D11D2CAB-3001-41DB-BD41-CDA9E65F8AA8}.AppStore|x64.Build.0 = Release|Any CPU
		{D11D2CAB-3001-41DB-BD41-CDA9E65F8AA8}.AppStore|x64.Deploy.0 = Release|Any CPU
		{D11D2CAB-3001-41DB-BD41-CDA9E65F8AA8}.AppStore|x86.ActiveCfg = Release|x86
		{D11D2CAB-3001-41DB-BD41-CDA9E65F8AA8}.AppStore|x86.Build.0 = Release|x86
		{D11D2CAB-3001-41DB-BD41-CDA9E65F8AA8}.AppStore|x86.Deploy.0 = Release|x86
		{D11D2CAB-3001-41DB-BD41-CDA9E65F8AA8}.Debug|Any CPU.ActiveCfg = Debug|Any CPU
		{D11D2CAB-3001-41DB-BD41-CDA9E65F8AA8}.Debug|Any CPU.Build.0 = Debug|Any CPU
		{D11D2CAB-3001-41DB-BD41-CDA9E65F8AA8}.Debug|Any CPU.Deploy.0 = Debug|Any CPU
		{D11D2CAB-3001-41DB-BD41-CDA9E65F8AA8}.Debug|ARM.ActiveCfg = Debug|ARM
		{D11D2CAB-3001-41DB-BD41-CDA9E65F8AA8}.Debug|ARM.Build.0 = Debug|ARM
		{D11D2CAB-3001-41DB-BD41-CDA9E65F8AA8}.Debug|ARM.Deploy.0 = Debug|ARM
		{D11D2CAB-3001-41DB-BD41-CDA9E65F8AA8}.Debug|iPhone.ActiveCfg = Debug|Any CPU
		{D11D2CAB-3001-41DB-BD41-CDA9E65F8AA8}.Debug|iPhone.Build.0 = Debug|Any CPU
		{D11D2CAB-3001-41DB-BD41-CDA9E65F8AA8}.Debug|iPhone.Deploy.0 = Debug|Any CPU
		{D11D2CAB-3001-41DB-BD41-CDA9E65F8AA8}.Debug|iPhoneSimulator.ActiveCfg = Debug|Any CPU
		{D11D2CAB-3001-41DB-BD41-CDA9E65F8AA8}.Debug|iPhoneSimulator.Build.0 = Debug|Any CPU
		{D11D2CAB-3001-41DB-BD41-CDA9E65F8AA8}.Debug|iPhoneSimulator.Deploy.0 = Debug|Any CPU
		{D11D2CAB-3001-41DB-BD41-CDA9E65F8AA8}.Debug|x64.ActiveCfg = Debug|Any CPU
		{D11D2CAB-3001-41DB-BD41-CDA9E65F8AA8}.Debug|x64.Build.0 = Debug|Any CPU
		{D11D2CAB-3001-41DB-BD41-CDA9E65F8AA8}.Debug|x64.Deploy.0 = Debug|Any CPU
		{D11D2CAB-3001-41DB-BD41-CDA9E65F8AA8}.Debug|x86.ActiveCfg = Debug|x86
		{D11D2CAB-3001-41DB-BD41-CDA9E65F8AA8}.Debug|x86.Build.0 = Debug|x86
		{D11D2CAB-3001-41DB-BD41-CDA9E65F8AA8}.Debug|x86.Deploy.0 = Debug|x86
		{D11D2CAB-3001-41DB-BD41-CDA9E65F8AA8}.Release|Any CPU.ActiveCfg = Release|Any CPU
		{D11D2CAB-3001-41DB-BD41-CDA9E65F8AA8}.Release|Any CPU.Build.0 = Release|Any CPU
		{D11D2CAB-3001-41DB-BD41-CDA9E65F8AA8}.Release|Any CPU.Deploy.0 = Release|Any CPU
		{D11D2CAB-3001-41DB-BD41-CDA9E65F8AA8}.Release|ARM.ActiveCfg = Release|ARM
		{D11D2CAB-3001-41DB-BD41-CDA9E65F8AA8}.Release|ARM.Build.0 = Release|ARM
		{D11D2CAB-3001-41DB-BD41-CDA9E65F8AA8}.Release|ARM.Deploy.0 = Release|ARM
		{D11D2CAB-3001-41DB-BD41-CDA9E65F8AA8}.Release|iPhone.ActiveCfg = Release|Any CPU
		{D11D2CAB-3001-41DB-BD41-CDA9E65F8AA8}.Release|iPhone.Build.0 = Release|Any CPU
		{D11D2CAB-3001-41DB-BD41-CDA9E65F8AA8}.Release|iPhone.Deploy.0 = Release|Any CPU
		{D11D2CAB-3001-41DB-BD41-CDA9E65F8AA8}.Release|iPhoneSimulator.ActiveCfg = Release|Any CPU
		{D11D2CAB-3001-41DB-BD41-CDA9E65F8AA8}.Release|iPhoneSimulator.Build.0 = Release|Any CPU
		{D11D2CAB-3001-41DB-BD41-CDA9E65F8AA8}.Release|iPhoneSimulator.Deploy.0 = Release|Any CPU
		{D11D2CAB-3001-41DB-BD41-CDA9E65F8AA8}.Release|x64.ActiveCfg = Release|Any CPU
		{D11D2CAB-3001-41DB-BD41-CDA9E65F8AA8}.Release|x64.Build.0 = Release|Any CPU
		{D11D2CAB-3001-41DB-BD41-CDA9E65F8AA8}.Release|x64.Deploy.0 = Release|Any CPU
		{D11D2CAB-3001-41DB-BD41-CDA9E65F8AA8}.Release|x86.ActiveCfg = Release|x86
		{D11D2CAB-3001-41DB-BD41-CDA9E65F8AA8}.Release|x86.Build.0 = Release|x86
		{D11D2CAB-3001-41DB-BD41-CDA9E65F8AA8}.Release|x86.Deploy.0 = Release|x86
		{6AEF6E40-A541-41C0-9B57-0606AD13D8EA}.Ad-Hoc|Any CPU.ActiveCfg = Release|x86
		{6AEF6E40-A541-41C0-9B57-0606AD13D8EA}.Ad-Hoc|Any CPU.Build.0 = Release|x86
		{6AEF6E40-A541-41C0-9B57-0606AD13D8EA}.Ad-Hoc|Any CPU.Deploy.0 = Release|x86
		{6AEF6E40-A541-41C0-9B57-0606AD13D8EA}.Ad-Hoc|ARM.ActiveCfg = Release|ARM
		{6AEF6E40-A541-41C0-9B57-0606AD13D8EA}.Ad-Hoc|ARM.Build.0 = Release|ARM
		{6AEF6E40-A541-41C0-9B57-0606AD13D8EA}.Ad-Hoc|ARM.Deploy.0 = Release|ARM
		{6AEF6E40-A541-41C0-9B57-0606AD13D8EA}.Ad-Hoc|iPhone.ActiveCfg = Release|x86
		{6AEF6E40-A541-41C0-9B57-0606AD13D8EA}.Ad-Hoc|iPhone.Build.0 = Release|x86
		{6AEF6E40-A541-41C0-9B57-0606AD13D8EA}.Ad-Hoc|iPhone.Deploy.0 = Release|x86
		{6AEF6E40-A541-41C0-9B57-0606AD13D8EA}.Ad-Hoc|iPhoneSimulator.ActiveCfg = Release|x86
		{6AEF6E40-A541-41C0-9B57-0606AD13D8EA}.Ad-Hoc|iPhoneSimulator.Build.0 = Release|x86
		{6AEF6E40-A541-41C0-9B57-0606AD13D8EA}.Ad-Hoc|iPhoneSimulator.Deploy.0 = Release|x86
		{6AEF6E40-A541-41C0-9B57-0606AD13D8EA}.Ad-Hoc|x64.ActiveCfg = Release|x64
		{6AEF6E40-A541-41C0-9B57-0606AD13D8EA}.Ad-Hoc|x64.Build.0 = Release|x64
		{6AEF6E40-A541-41C0-9B57-0606AD13D8EA}.Ad-Hoc|x64.Deploy.0 = Release|x64
		{6AEF6E40-A541-41C0-9B57-0606AD13D8EA}.Ad-Hoc|x86.ActiveCfg = Release|x86
		{6AEF6E40-A541-41C0-9B57-0606AD13D8EA}.Ad-Hoc|x86.Build.0 = Release|x86
		{6AEF6E40-A541-41C0-9B57-0606AD13D8EA}.Ad-Hoc|x86.Deploy.0 = Release|x86
		{6AEF6E40-A541-41C0-9B57-0606AD13D8EA}.AppStore|Any CPU.ActiveCfg = Release|x86
		{6AEF6E40-A541-41C0-9B57-0606AD13D8EA}.AppStore|Any CPU.Build.0 = Release|x86
		{6AEF6E40-A541-41C0-9B57-0606AD13D8EA}.AppStore|Any CPU.Deploy.0 = Release|x86
		{6AEF6E40-A541-41C0-9B57-0606AD13D8EA}.AppStore|ARM.ActiveCfg = Release|ARM
		{6AEF6E40-A541-41C0-9B57-0606AD13D8EA}.AppStore|ARM.Build.0 = Release|ARM
		{6AEF6E40-A541-41C0-9B57-0606AD13D8EA}.AppStore|ARM.Deploy.0 = Release|ARM
		{6AEF6E40-A541-41C0-9B57-0606AD13D8EA}.AppStore|iPhone.ActiveCfg = Release|x86
		{6AEF6E40-A541-41C0-9B57-0606AD13D8EA}.AppStore|iPhone.Build.0 = Release|x86
		{6AEF6E40-A541-41C0-9B57-0606AD13D8EA}.AppStore|iPhone.Deploy.0 = Release|x86
		{6AEF6E40-A541-41C0-9B57-0606AD13D8EA}.AppStore|iPhoneSimulator.ActiveCfg = Release|x86
		{6AEF6E40-A541-41C0-9B57-0606AD13D8EA}.AppStore|iPhoneSimulator.Build.0 = Release|x86
		{6AEF6E40-A541-41C0-9B57-0606AD13D8EA}.AppStore|iPhoneSimulator.Deploy.0 = Release|x86
		{6AEF6E40-A541-41C0-9B57-0606AD13D8EA}.AppStore|x64.ActiveCfg = Release|x64
		{6AEF6E40-A541-41C0-9B57-0606AD13D8EA}.AppStore|x64.Build.0 = Release|x64
		{6AEF6E40-A541-41C0-9B57-0606AD13D8EA}.AppStore|x64.Deploy.0 = Release|x64
		{6AEF6E40-A541-41C0-9B57-0606AD13D8EA}.AppStore|x86.ActiveCfg = Release|x86
		{6AEF6E40-A541-41C0-9B57-0606AD13D8EA}.AppStore|x86.Build.0 = Release|x86
		{6AEF6E40-A541-41C0-9B57-0606AD13D8EA}.AppStore|x86.Deploy.0 = Release|x86
		{6AEF6E40-A541-41C0-9B57-0606AD13D8EA}.Debug|Any CPU.ActiveCfg = Debug|x86
		{6AEF6E40-A541-41C0-9B57-0606AD13D8EA}.Debug|Any CPU.Build.0 = Debug|x86
		{6AEF6E40-A541-41C0-9B57-0606AD13D8EA}.Debug|Any CPU.Deploy.0 = Debug|x86
		{6AEF6E40-A541-41C0-9B57-0606AD13D8EA}.Debug|ARM.ActiveCfg = Debug|ARM
		{6AEF6E40-A541-41C0-9B57-0606AD13D8EA}.Debug|ARM.Build.0 = Debug|ARM
		{6AEF6E40-A541-41C0-9B57-0606AD13D8EA}.Debug|ARM.Deploy.0 = Debug|ARM
		{6AEF6E40-A541-41C0-9B57-0606AD13D8EA}.Debug|iPhone.ActiveCfg = Debug|x86
		{6AEF6E40-A541-41C0-9B57-0606AD13D8EA}.Debug|iPhoneSimulator.ActiveCfg = Debug|x86
		{6AEF6E40-A541-41C0-9B57-0606AD13D8EA}.Debug|x64.ActiveCfg = Debug|x64
		{6AEF6E40-A541-41C0-9B57-0606AD13D8EA}.Debug|x64.Build.0 = Debug|x64
		{6AEF6E40-A541-41C0-9B57-0606AD13D8EA}.Debug|x64.Deploy.0 = Debug|x64
		{6AEF6E40-A541-41C0-9B57-0606AD13D8EA}.Debug|x86.ActiveCfg = Debug|x86
		{6AEF6E40-A541-41C0-9B57-0606AD13D8EA}.Debug|x86.Build.0 = Debug|x86
		{6AEF6E40-A541-41C0-9B57-0606AD13D8EA}.Debug|x86.Deploy.0 = Debug|x86
		{6AEF6E40-A541-41C0-9B57-0606AD13D8EA}.Release|Any CPU.ActiveCfg = Release|x86
		{6AEF6E40-A541-41C0-9B57-0606AD13D8EA}.Release|ARM.ActiveCfg = Release|ARM
		{6AEF6E40-A541-41C0-9B57-0606AD13D8EA}.Release|ARM.Build.0 = Release|ARM
		{6AEF6E40-A541-41C0-9B57-0606AD13D8EA}.Release|ARM.Deploy.0 = Release|ARM
		{6AEF6E40-A541-41C0-9B57-0606AD13D8EA}.Release|iPhone.ActiveCfg = Release|x86
		{6AEF6E40-A541-41C0-9B57-0606AD13D8EA}.Release|iPhoneSimulator.ActiveCfg = Release|x86
		{6AEF6E40-A541-41C0-9B57-0606AD13D8EA}.Release|x64.ActiveCfg = Release|x64
		{6AEF6E40-A541-41C0-9B57-0606AD13D8EA}.Release|x64.Build.0 = Release|x64
		{6AEF6E40-A541-41C0-9B57-0606AD13D8EA}.Release|x64.Deploy.0 = Release|x64
		{6AEF6E40-A541-41C0-9B57-0606AD13D8EA}.Release|x86.ActiveCfg = Release|x86
		{6AEF6E40-A541-41C0-9B57-0606AD13D8EA}.Release|x86.Build.0 = Release|x86
		{6AEF6E40-A541-41C0-9B57-0606AD13D8EA}.Release|x86.Deploy.0 = Release|x86
		{21B8EC0F-52C2-46F2-A5FF-489991EDA720}.Ad-Hoc|Any CPU.ActiveCfg = Release|Any CPU
		{21B8EC0F-52C2-46F2-A5FF-489991EDA720}.Ad-Hoc|Any CPU.Build.0 = Release|Any CPU
		{21B8EC0F-52C2-46F2-A5FF-489991EDA720}.Ad-Hoc|Any CPU.Deploy.0 = Release|Any CPU
		{21B8EC0F-52C2-46F2-A5FF-489991EDA720}.Ad-Hoc|ARM.ActiveCfg = Release|ARM
		{21B8EC0F-52C2-46F2-A5FF-489991EDA720}.Ad-Hoc|ARM.Build.0 = Release|ARM
		{21B8EC0F-52C2-46F2-A5FF-489991EDA720}.Ad-Hoc|ARM.Deploy.0 = Release|ARM
		{21B8EC0F-52C2-46F2-A5FF-489991EDA720}.Ad-Hoc|iPhone.ActiveCfg = Release|Any CPU
		{21B8EC0F-52C2-46F2-A5FF-489991EDA720}.Ad-Hoc|iPhone.Build.0 = Release|Any CPU
		{21B8EC0F-52C2-46F2-A5FF-489991EDA720}.Ad-Hoc|iPhone.Deploy.0 = Release|Any CPU
		{21B8EC0F-52C2-46F2-A5FF-489991EDA720}.Ad-Hoc|iPhoneSimulator.ActiveCfg = Release|Any CPU
		{21B8EC0F-52C2-46F2-A5FF-489991EDA720}.Ad-Hoc|iPhoneSimulator.Build.0 = Release|Any CPU
		{21B8EC0F-52C2-46F2-A5FF-489991EDA720}.Ad-Hoc|iPhoneSimulator.Deploy.0 = Release|Any CPU
		{21B8EC0F-52C2-46F2-A5FF-489991EDA720}.Ad-Hoc|x64.ActiveCfg = Release|x64
		{21B8EC0F-52C2-46F2-A5FF-489991EDA720}.Ad-Hoc|x64.Build.0 = Release|x64
		{21B8EC0F-52C2-46F2-A5FF-489991EDA720}.Ad-Hoc|x64.Deploy.0 = Release|x64
		{21B8EC0F-52C2-46F2-A5FF-489991EDA720}.Ad-Hoc|x86.ActiveCfg = Release|x86
		{21B8EC0F-52C2-46F2-A5FF-489991EDA720}.Ad-Hoc|x86.Build.0 = Release|x86
		{21B8EC0F-52C2-46F2-A5FF-489991EDA720}.Ad-Hoc|x86.Deploy.0 = Release|x86
		{21B8EC0F-52C2-46F2-A5FF-489991EDA720}.AppStore|Any CPU.ActiveCfg = Release|Any CPU
		{21B8EC0F-52C2-46F2-A5FF-489991EDA720}.AppStore|Any CPU.Build.0 = Release|Any CPU
		{21B8EC0F-52C2-46F2-A5FF-489991EDA720}.AppStore|Any CPU.Deploy.0 = Release|Any CPU
		{21B8EC0F-52C2-46F2-A5FF-489991EDA720}.AppStore|ARM.ActiveCfg = Release|ARM
		{21B8EC0F-52C2-46F2-A5FF-489991EDA720}.AppStore|ARM.Build.0 = Release|ARM
		{21B8EC0F-52C2-46F2-A5FF-489991EDA720}.AppStore|ARM.Deploy.0 = Release|ARM
		{21B8EC0F-52C2-46F2-A5FF-489991EDA720}.AppStore|iPhone.ActiveCfg = Release|Any CPU
		{21B8EC0F-52C2-46F2-A5FF-489991EDA720}.AppStore|iPhone.Build.0 = Release|Any CPU
		{21B8EC0F-52C2-46F2-A5FF-489991EDA720}.AppStore|iPhone.Deploy.0 = Release|Any CPU
		{21B8EC0F-52C2-46F2-A5FF-489991EDA720}.AppStore|iPhoneSimulator.ActiveCfg = Release|Any CPU
		{21B8EC0F-52C2-46F2-A5FF-489991EDA720}.AppStore|iPhoneSimulator.Build.0 = Release|Any CPU
		{21B8EC0F-52C2-46F2-A5FF-489991EDA720}.AppStore|iPhoneSimulator.Deploy.0 = Release|Any CPU
		{21B8EC0F-52C2-46F2-A5FF-489991EDA720}.AppStore|x64.ActiveCfg = Release|x64
		{21B8EC0F-52C2-46F2-A5FF-489991EDA720}.AppStore|x64.Build.0 = Release|x64
		{21B8EC0F-52C2-46F2-A5FF-489991EDA720}.AppStore|x64.Deploy.0 = Release|x64
		{21B8EC0F-52C2-46F2-A5FF-489991EDA720}.AppStore|x86.ActiveCfg = Release|x86
		{21B8EC0F-52C2-46F2-A5FF-489991EDA720}.AppStore|x86.Build.0 = Release|x86
		{21B8EC0F-52C2-46F2-A5FF-489991EDA720}.AppStore|x86.Deploy.0 = Release|x86
		{21B8EC0F-52C2-46F2-A5FF-489991EDA720}.Debug|Any CPU.ActiveCfg = Debug|Any CPU
		{21B8EC0F-52C2-46F2-A5FF-489991EDA720}.Debug|Any CPU.Build.0 = Debug|Any CPU
		{21B8EC0F-52C2-46F2-A5FF-489991EDA720}.Debug|Any CPU.Deploy.0 = Debug|Any CPU
		{21B8EC0F-52C2-46F2-A5FF-489991EDA720}.Debug|ARM.ActiveCfg = Debug|ARM
		{21B8EC0F-52C2-46F2-A5FF-489991EDA720}.Debug|ARM.Build.0 = Debug|ARM
		{21B8EC0F-52C2-46F2-A5FF-489991EDA720}.Debug|ARM.Deploy.0 = Debug|ARM
		{21B8EC0F-52C2-46F2-A5FF-489991EDA720}.Debug|iPhone.ActiveCfg = Debug|Any CPU
		{21B8EC0F-52C2-46F2-A5FF-489991EDA720}.Debug|iPhone.Build.0 = Debug|Any CPU
		{21B8EC0F-52C2-46F2-A5FF-489991EDA720}.Debug|iPhone.Deploy.0 = Debug|Any CPU
		{21B8EC0F-52C2-46F2-A5FF-489991EDA720}.Debug|iPhoneSimulator.ActiveCfg = Debug|Any CPU
		{21B8EC0F-52C2-46F2-A5FF-489991EDA720}.Debug|iPhoneSimulator.Build.0 = Debug|Any CPU
		{21B8EC0F-52C2-46F2-A5FF-489991EDA720}.Debug|iPhoneSimulator.Deploy.0 = Debug|Any CPU
		{21B8EC0F-52C2-46F2-A5FF-489991EDA720}.Debug|x64.ActiveCfg = Debug|x64
		{21B8EC0F-52C2-46F2-A5FF-489991EDA720}.Debug|x64.Build.0 = Debug|x64
		{21B8EC0F-52C2-46F2-A5FF-489991EDA720}.Debug|x64.Deploy.0 = Debug|x64
		{21B8EC0F-52C2-46F2-A5FF-489991EDA720}.Debug|x86.ActiveCfg = Debug|x86
		{21B8EC0F-52C2-46F2-A5FF-489991EDA720}.Debug|x86.Build.0 = Debug|x86
		{21B8EC0F-52C2-46F2-A5FF-489991EDA720}.Debug|x86.Deploy.0 = Debug|x86
		{21B8EC0F-52C2-46F2-A5FF-489991EDA720}.Release|Any CPU.ActiveCfg = Release|Any CPU
		{21B8EC0F-52C2-46F2-A5FF-489991EDA720}.Release|Any CPU.Build.0 = Release|Any CPU
		{21B8EC0F-52C2-46F2-A5FF-489991EDA720}.Release|Any CPU.Deploy.0 = Release|Any CPU
		{21B8EC0F-52C2-46F2-A5FF-489991EDA720}.Release|ARM.ActiveCfg = Release|ARM
		{21B8EC0F-52C2-46F2-A5FF-489991EDA720}.Release|ARM.Build.0 = Release|ARM
		{21B8EC0F-52C2-46F2-A5FF-489991EDA720}.Release|ARM.Deploy.0 = Release|ARM
		{21B8EC0F-52C2-46F2-A5FF-489991EDA720}.Release|iPhone.ActiveCfg = Release|Any CPU
		{21B8EC0F-52C2-46F2-A5FF-489991EDA720}.Release|iPhone.Build.0 = Release|Any CPU
		{21B8EC0F-52C2-46F2-A5FF-489991EDA720}.Release|iPhone.Deploy.0 = Release|Any CPU
		{21B8EC0F-52C2-46F2-A5FF-489991EDA720}.Release|iPhoneSimulator.ActiveCfg = Release|Any CPU
		{21B8EC0F-52C2-46F2-A5FF-489991EDA720}.Release|iPhoneSimulator.Build.0 = Release|Any CPU
		{21B8EC0F-52C2-46F2-A5FF-489991EDA720}.Release|iPhoneSimulator.Deploy.0 = Release|Any CPU
		{21B8EC0F-52C2-46F2-A5FF-489991EDA720}.Release|x64.ActiveCfg = Release|x64
		{21B8EC0F-52C2-46F2-A5FF-489991EDA720}.Release|x64.Build.0 = Release|x64
		{21B8EC0F-52C2-46F2-A5FF-489991EDA720}.Release|x64.Deploy.0 = Release|x64
		{21B8EC0F-52C2-46F2-A5FF-489991EDA720}.Release|x86.ActiveCfg = Release|x86
		{21B8EC0F-52C2-46F2-A5FF-489991EDA720}.Release|x86.Build.0 = Release|x86
		{21B8EC0F-52C2-46F2-A5FF-489991EDA720}.Release|x86.Deploy.0 = Release|x86
		{908A85AB-5DF6-4668-95AD-5C378164EC97}.Ad-Hoc|Any CPU.ActiveCfg = Release|Any CPU
		{908A85AB-5DF6-4668-95AD-5C378164EC97}.Ad-Hoc|Any CPU.Build.0 = Release|Any CPU
		{908A85AB-5DF6-4668-95AD-5C378164EC97}.Ad-Hoc|ARM.ActiveCfg = Release|Any CPU
		{908A85AB-5DF6-4668-95AD-5C378164EC97}.Ad-Hoc|ARM.Build.0 = Release|Any CPU
		{908A85AB-5DF6-4668-95AD-5C378164EC97}.Ad-Hoc|iPhone.ActiveCfg = Release|Any CPU
		{908A85AB-5DF6-4668-95AD-5C378164EC97}.Ad-Hoc|iPhone.Build.0 = Release|Any CPU
		{908A85AB-5DF6-4668-95AD-5C378164EC97}.Ad-Hoc|iPhoneSimulator.ActiveCfg = Release|Any CPU
		{908A85AB-5DF6-4668-95AD-5C378164EC97}.Ad-Hoc|iPhoneSimulator.Build.0 = Release|Any CPU
		{908A85AB-5DF6-4668-95AD-5C378164EC97}.Ad-Hoc|x64.ActiveCfg = Release|Any CPU
		{908A85AB-5DF6-4668-95AD-5C378164EC97}.Ad-Hoc|x64.Build.0 = Release|Any CPU
		{908A85AB-5DF6-4668-95AD-5C378164EC97}.Ad-Hoc|x86.ActiveCfg = Release|Any CPU
		{908A85AB-5DF6-4668-95AD-5C378164EC97}.Ad-Hoc|x86.Build.0 = Release|Any CPU
		{908A85AB-5DF6-4668-95AD-5C378164EC97}.AppStore|Any CPU.ActiveCfg = Release|Any CPU
		{908A85AB-5DF6-4668-95AD-5C378164EC97}.AppStore|Any CPU.Build.0 = Release|Any CPU
		{908A85AB-5DF6-4668-95AD-5C378164EC97}.AppStore|ARM.ActiveCfg = Release|Any CPU
		{908A85AB-5DF6-4668-95AD-5C378164EC97}.AppStore|ARM.Build.0 = Release|Any CPU
		{908A85AB-5DF6-4668-95AD-5C378164EC97}.AppStore|iPhone.ActiveCfg = Release|Any CPU
		{908A85AB-5DF6-4668-95AD-5C378164EC97}.AppStore|iPhone.Build.0 = Release|Any CPU
		{908A85AB-5DF6-4668-95AD-5C378164EC97}.AppStore|iPhoneSimulator.ActiveCfg = Release|Any CPU
		{908A85AB-5DF6-4668-95AD-5C378164EC97}.AppStore|iPhoneSimulator.Build.0 = Release|Any CPU
		{908A85AB-5DF6-4668-95AD-5C378164EC97}.AppStore|x64.ActiveCfg = Release|Any CPU
		{908A85AB-5DF6-4668-95AD-5C378164EC97}.AppStore|x64.Build.0 = Release|Any CPU
		{908A85AB-5DF6-4668-95AD-5C378164EC97}.AppStore|x86.ActiveCfg = Release|Any CPU
		{908A85AB-5DF6-4668-95AD-5C378164EC97}.AppStore|x86.Build.0 = Release|Any CPU
		{908A85AB-5DF6-4668-95AD-5C378164EC97}.Debug|Any CPU.ActiveCfg = Debug|Any CPU
		{908A85AB-5DF6-4668-95AD-5C378164EC97}.Debug|Any CPU.Build.0 = Debug|Any CPU
		{908A85AB-5DF6-4668-95AD-5C378164EC97}.Debug|ARM.ActiveCfg = Debug|Any CPU
		{908A85AB-5DF6-4668-95AD-5C378164EC97}.Debug|ARM.Build.0 = Debug|Any CPU
		{908A85AB-5DF6-4668-95AD-5C378164EC97}.Debug|iPhone.ActiveCfg = Debug|Any CPU
		{908A85AB-5DF6-4668-95AD-5C378164EC97}.Debug|iPhone.Build.0 = Debug|Any CPU
		{908A85AB-5DF6-4668-95AD-5C378164EC97}.Debug|iPhoneSimulator.ActiveCfg = Debug|Any CPU
		{908A85AB-5DF6-4668-95AD-5C378164EC97}.Debug|iPhoneSimulator.Build.0 = Debug|Any CPU
		{908A85AB-5DF6-4668-95AD-5C378164EC97}.Debug|x64.ActiveCfg = Debug|Any CPU
		{908A85AB-5DF6-4668-95AD-5C378164EC97}.Debug|x64.Build.0 = Debug|Any CPU
		{908A85AB-5DF6-4668-95AD-5C378164EC97}.Debug|x86.ActiveCfg = Debug|Any CPU
		{908A85AB-5DF6-4668-95AD-5C378164EC97}.Debug|x86.Build.0 = Debug|Any CPU
		{908A85AB-5DF6-4668-95AD-5C378164EC97}.Release|Any CPU.ActiveCfg = Release|Any CPU
		{908A85AB-5DF6-4668-95AD-5C378164EC97}.Release|Any CPU.Build.0 = Release|Any CPU
		{908A85AB-5DF6-4668-95AD-5C378164EC97}.Release|ARM.ActiveCfg = Release|Any CPU
		{908A85AB-5DF6-4668-95AD-5C378164EC97}.Release|ARM.Build.0 = Release|Any CPU
		{908A85AB-5DF6-4668-95AD-5C378164EC97}.Release|iPhone.ActiveCfg = Release|Any CPU
		{908A85AB-5DF6-4668-95AD-5C378164EC97}.Release|iPhone.Build.0 = Release|Any CPU
		{908A85AB-5DF6-4668-95AD-5C378164EC97}.Release|iPhoneSimulator.ActiveCfg = Release|Any CPU
		{908A85AB-5DF6-4668-95AD-5C378164EC97}.Release|iPhoneSimulator.Build.0 = Release|Any CPU
		{908A85AB-5DF6-4668-95AD-5C378164EC97}.Release|x64.ActiveCfg = Release|Any CPU
		{908A85AB-5DF6-4668-95AD-5C378164EC97}.Release|x64.Build.0 = Release|Any CPU
		{908A85AB-5DF6-4668-95AD-5C378164EC97}.Release|x86.ActiveCfg = Release|Any CPU
		{908A85AB-5DF6-4668-95AD-5C378164EC97}.Release|x86.Build.0 = Release|Any CPU
	EndGlobalSection
	GlobalSection(SolutionProperties) = preSolution
		HideSolutionNode = FALSE
	EndGlobalSection
EndGlobal
